
Microsoft Visual Studio Solution File, Format Version 12.00
# Visual Studio 15
VisualStudioVersion = 15.0.28307.168
MinimumVisualStudioVersion = 10.0.40219.1
Project("{FAE04EC0-301F-11D3-BF4B-00C04F79EFBC}") = "PLATAFORMA JOGOS", "PLATAFORMA JOGOS\PLATAFORMA JOGOS.csproj", "{4C15FB44-94A3-4AD6-AD20-5038CA7A8677}"
EndProject
Global
	GlobalSection(SolutionConfigurationPlatforms) = preSolution
		Debug|Any CPU = Debug|Any CPU
		Release|Any CPU = Release|Any CPU
	EndGlobalSection
	GlobalSection(ProjectConfigurationPlatforms) = postSolution
		{4C15FB44-94A3-4AD6-AD20-5038CA7A8677}.Debug|Any CPU.ActiveCfg = Debug|Any CPU
		{4C15FB44-94A3-4AD6-AD20-5038CA7A8677}.Debug|Any CPU.Build.0 = Debug|Any CPU
		{4C15FB44-94A3-4AD6-AD20-5038CA7A8677}.Release|Any CPU.ActiveCfg = Release|Any CPU
		{4C15FB44-94A3-4AD6-AD20-5038CA7A8677}.Release|Any CPU.Build.0 = Release|Any CPU
	EndGlobalSection
	GlobalSection(SolutionProperties) = preSolution
		HideSolutionNode = FALSE
	EndGlobalSection
	GlobalSection(ExtensibilityGlobals) = postSolution
		SolutionGuid = {DF3EE1F3-E6A5-4969-9A7B-E59C7DAF34A6}
	EndGlobalSection
EndGlobal
